{
  "nodes": {
    "common": {
      "locked": {
        "lastModified": 1,
        "narHash": "sha256-P8bjYH8M/9Pg2PsQOV20GjxEA1O96SO/ISOk/XdDc9A=",
        "path": "./common",
        "type": "path"
      },
      "original": {
        "path": "./common",
        "type": "path"
      }
    },
    "nixpkgs": {
      "locked": {
        "lastModified": 1747953325,
        "narHash": "sha256-y2ZtlIlNTuVJUZCqzZAhIw5rrKP4DOSklev6c8PyCkQ=",
        "owner": "NixOS",
        "repo": "nixpkgs",
        "rev": "55d1f923c480dadce40f5231feb472e81b0bab48",
        "type": "github"
      },
      "original": {
        "owner": "NixOS",
        "ref": "nixos-25.05",
        "repo": "nixpkgs",
        "type": "github"
      }
    },
    "root": {
      "inputs": {
        "common": "common",
        "nixpkgs": "nixpkgs"
      }
    }
  },
  "root": "root",
  "version": 7
}
